
Microsoft Visual Studio Solution File, Format Version 12.00
# Visual Studio 15
VisualStudioVersion = 15.0.28307.168
MinimumVisualStudioVersion = 10.0.40219.1
Project("{FAE04EC0-301F-11D3-BF4B-00C04F79EFBC}") = "mypro.Android", "mypro\mypro.Android\mypro.Android.csproj", "{C5A49AB8-A2B3-44DF-BD9B-D3BB412E0130}"
EndProject
Project("{FAE04EC0-301F-11D3-BF4B-00C04F79EFBC}") = "mypro.iOS", "mypro\mypro.iOS\mypro.iOS.csproj", "{47F3FCE7-B383-443B-AD4C-BBABE009DB7F}"
EndProject
Project("{FAE04EC0-301F-11D3-BF4B-00C04F79EFBC}") = "mypro", "mypro\mypro\mypro.csproj", "{238E64A0-7305-413D-98C2-B9A15CCF157B}"
EndProject
Global
	GlobalSection(SolutionConfigurationPlatforms) = preSolution
		Ad-Hoc|Any CPU = Ad-Hoc|Any CPU
		Ad-Hoc|iPhone = Ad-Hoc|iPhone
		Ad-Hoc|iPhoneSimulator = Ad-Hoc|iPhoneSimulator
		AppStore|Any CPU = AppStore|Any CPU
		AppStore|iPhone = AppStore|iPhone
		AppStore|iPhoneSimulator = AppStore|iPhoneSimulator
		Debug|Any CPU = Debug|Any CPU
		Debug|iPhone = Debug|iPhone
		Debug|iPhoneSimulator = Debug|iPhoneSimulator
		Release|Any CPU = Release|Any CPU
		Release|iPhone = Release|iPhone
		Release|iPhoneSimulator = Release|iPhoneSimulator
	EndGlobalSection
	GlobalSection(ProjectConfigurationPlatforms) = postSolution
		{C5A49AB8-A2B3-44DF-BD9B-D3BB412E0130}.Ad-Hoc|Any CPU.ActiveCfg = Release|Any CPU
		{C5A49AB8-A2B3-44DF-BD9B-D3BB412E0130}.Ad-Hoc|Any CPU.Build.0 = Release|Any CPU
		{C5A49AB8-A2B3-44DF-BD9B-D3BB412E0130}.Ad-Hoc|Any CPU.Deploy.0 = Release|Any CPU
		{C5A49AB8-A2B3-44DF-BD9B-D3BB412E0130}.Ad-Hoc|iPhone.ActiveCfg = Release|Any CPU
		{C5A49AB8-A2B3-44DF-BD9B-D3BB412E0130}.Ad-Hoc|iPhone.Build.0 = Release|Any CPU
		{C5A49AB8-A2B3-44DF-BD9B-D3BB412E0130}.Ad-Hoc|iPhone.Deploy.0 = Release|Any CPU
		{C5A49AB8-A2B3-44DF-BD9B-D3BB412E0130}.Ad-Hoc|iPhoneSimulator.ActiveCfg = Release|Any CPU
		{C5A49AB8-A2B3-44DF-BD9B-D3BB412E0130}.Ad-Hoc|iPhoneSimulator.Build.0 = Release|Any CPU
		{C5A49AB8-A2B3-44DF-BD9B-D3BB412E0130}.Ad-Hoc|iPhoneSimulator.Deploy.0 = Release|Any CPU
		{C5A49AB8-A2B3-44DF-BD9B-D3BB412E0130}.AppStore|Any CPU.ActiveCfg = Release|Any CPU
		{C5A49AB8-A2B3-44DF-BD9B-D3BB412E0130}.AppStore|Any CPU.Build.0 = Release|Any CPU
		{C5A49AB8-A2B3-44DF-BD9B-D3BB412E0130}.AppStore|Any CPU.Deploy.0 = Release|Any CPU
		{C5A49AB8-A2B3-44DF-BD9B-D3BB412E0130}.AppStore|iPhone.ActiveCfg = Release|Any CPU
		{C5A49AB8-A2B3-44DF-BD9B-D3BB412E0130}.AppStore|iPhone.Build.0 = Release|Any CPU
		{C5A49AB8-A2B3-44DF-BD9B-D3BB412E0130}.AppStore|iPhone.Deploy.0 = Release|Any CPU
		{C5A49AB8-A2B3-44DF-BD9B-D3BB412E0130}.AppStore|iPhoneSimulator.ActiveCfg = Release|Any CPU
		{C5A49AB8-A2B3-44DF-BD9B-D3BB412E0130}.AppStore|iPhoneSimulator.Build.0 = Release|Any CPU
		{C5A49AB8-A2B3-44DF-BD9B-D3BB412E0130}.AppStore|iPhoneSimulator.Deploy.0 = Release|Any CPU
		{C5A49AB8-A2B3-44DF-BD9B-D3BB412E0130}.Debug|Any CPU.ActiveCfg = Debug|Any CPU
		{C5A49AB8-A2B3-44DF-BD9B-D3BB412E0130}.Debug|Any CPU.Build.0 = Debug|Any CPU
		{C5A49AB8-A2B3-44DF-BD9B-D3BB412E0130}.Debug|Any CPU.Deploy.0 = Debug|Any CPU
		{C5A49AB8-A2B3-44DF-BD9B-D3BB412E0130}.Debug|iPhone.ActiveCfg = Debug|Any CPU
		{C5A49AB8-A2B3-44DF-BD9B-D3BB412E0130}.Debug|iPhone.Build.0 = Debug|Any CPU
		{C5A49AB8-A2B3-44DF-BD9B-D3BB412E0130}.Debug|iPhone.Deploy.0 = Debug|Any CPU
		{C5A49AB8-A2B3-44DF-BD9B-D3BB412E0130}.Debug|iPhoneSimulator.ActiveCfg = Debug|Any CPU
		{C5A49AB8-A2B3-44DF-BD9B-D3BB412E0130}.Debug|iPhoneSimulator.Build.0 = Debug|Any CPU
		{C5A49AB8-A2B3-44DF-BD9B-D3BB412E0130}.Debug|iPhoneSimulator.Deploy.0 = Debug|Any CPU
		{C5A49AB8-A2B3-44DF-BD9B-D3BB412E0130}.Release|Any CPU.ActiveCfg = Release|Any CPU
		{C5A49AB8-A2B3-44DF-BD9B-D3BB412E0130}.Release|Any CPU.Build.0 = Release|Any CPU
		{C5A49AB8-A2B3-44DF-BD9B-D3BB412E0130}.Release|Any CPU.Deploy.0 = Release|Any CPU
		{C5A49AB8-A2B3-44DF-BD9B-D3BB412E0130}.Release|iPhone.ActiveCfg = Release|Any CPU
		{C5A49AB8-A2B3-44DF-BD9B-D3BB412E0130}.Release|iPhone.Build.0 = Release|Any CPU
		{C5A49AB8-A2B3-44DF-BD9B-D3BB412E0130}.Release|iPhone.Deploy.0 = Release|Any CPU
		{C5A49AB8-A2B3-44DF-BD9B-D3BB412E0130}.Release|iPhoneSimulator.ActiveCfg = Release|Any CPU
		{C5A49AB8-A2B3-44DF-BD9B-D3BB412E0130}.Release|iPhoneSimulator.Build.0 = Release|Any CPU
		{C5A49AB8-A2B3-44DF-BD9B-D3BB412E0130}.Release|iPhoneSimulator.Deploy.0 = Release|Any CPU
		{47F3FCE7-B383-443B-AD4C-BBABE009DB7F}.Ad-Hoc|Any CPU.ActiveCfg = Ad-Hoc|iPhone
		{47F3FCE7-B383-443B-AD4C-BBABE009DB7F}.Ad-Hoc|Any CPU.Build.0 = Ad-Hoc|iPhone
		{47F3FCE7-B383-443B-AD4C-BBABE009DB7F}.Ad-Hoc|Any CPU.Deploy.0 = Ad-Hoc|iPhone
		{47F3FCE7-B383-443B-AD4C-BBABE009DB7F}.Ad-Hoc|iPhone.ActiveCfg = Ad-Hoc|iPhone
		{47F3FCE7-B383-443B-AD4C-BBABE009DB7F}.Ad-Hoc|iPhone.Build.0 = Ad-Hoc|iPhone
		{47F3FCE7-B383-443B-AD4C-BBABE009DB7F}.Ad-Hoc|iPhone.Deploy.0 = Ad-Hoc|iPhone
		{47F3FCE7-B383-443B-AD4C-BBABE009DB7F}.Ad-Hoc|iPhoneSimulator.ActiveCfg = Ad-Hoc|iPhoneSimulator
		{47F3FCE7-B383-443B-AD4C-BBABE009DB7F}.Ad-Hoc|iPhoneSimulator.Build.0 = Ad-Hoc|iPhoneSimulator
		{47F3FCE7-B383-443B-AD4C-BBABE009DB7F}.Ad-Hoc|iPhoneSimulator.Deploy.0 = Ad-Hoc|iPhoneSimulator
		{47F3FCE7-B383-443B-AD4C-BBABE009DB7F}.AppStore|Any CPU.ActiveCfg = AppStore|iPhone
		{47F3FCE7-B383-443B-AD4C-BBABE009DB7F}.AppStore|Any CPU.Build.0 = AppStore|iPhone
		{47F3FCE7-B383-443B-AD4C-BBABE009DB7F}.AppStore|Any CPU.Deploy.0 = AppStore|iPhone
		{47F3FCE7-B383-443B-AD4C-BBABE009DB7F}.AppStore|iPhone.ActiveCfg = AppStore|iPhone
		{47F3FCE7-B383-443B-AD4C-BBABE009DB7F}.AppStore|iPhone.Build.0 = AppStore|iPhone
		{47F3FCE7-B383-443B-AD4C-BBABE009DB7F}.AppStore|iPhone.Deploy.0 = AppStore|iPhone
		{47F3FCE7-B383-443B-AD4C-BBABE009DB7F}.AppStore|iPhoneSimulator.ActiveCfg = AppStore|iPhoneSimulator
		{47F3FCE7-B383-443B-AD4C-BBABE009DB7F}.AppStore|iPhoneSimulator.Build.0 = AppStore|iPhoneSimulator
		{47F3FCE7-B383-443B-AD4C-BBABE009DB7F}.AppStore|iPhoneSimulator.Deploy.0 = AppStore|iPhoneSimulator
		{47F3FCE7-B383-443B-AD4C-BBABE009DB7F}.Debug|Any CPU.ActiveCfg = Debug|iPhoneSimulator
		{47F3FCE7-B383-443B-AD4C-BBABE009DB7F}.Debug|Any CPU.Build.0 = Debug|iPhoneSimulator
		{47F3FCE7-B383-443B-AD4C-BBABE009DB7F}.Debug|Any CPU.Deploy.0 = Debug|iPhoneSimulator
		{47F3FCE7-B383-443B-AD4C-BBABE009DB7F}.Debug|iPhone.ActiveCfg = Debug|iPhone
		{47F3FCE7-B383-443B-AD4C-BBABE009DB7F}.Debug|iPhone.Build.0 = Debug|iPhone
		{47F3FCE7-B383-443B-AD4C-BBABE009DB7F}.Debug|iPhone.Deploy.0 = Debug|iPhone
		{47F3FCE7-B383-443B-AD4C-BBABE009DB7F}.Debug|iPhoneSimulator.ActiveCfg = Debug|iPhoneSimulator
		{47F3FCE7-B383-443B-AD4C-BBABE009DB7F}.Debug|iPhoneSimulator.Build.0 = Debug|iPhoneSimulator
		{47F3FCE7-B383-443B-AD4C-BBABE009DB7F}.Debug|iPhoneSimulator.Deploy.0 = Debug|iPhoneSimulator
		{47F3FCE7-B383-443B-AD4C-BBABE009DB7F}.Release|Any CPU.ActiveCfg = Release|iPhone
		{47F3FCE7-B383-443B-AD4C-BBABE009DB7F}.Release|Any CPU.Build.0 = Release|iPhone
		{47F3FCE7-B383-443B-AD4C-BBABE009DB7F}.Release|Any CPU.Deploy.0 = Release|iPhone
		{47F3FCE7-B383-443B-AD4C-BBABE009DB7F}.Release|iPhone.ActiveCfg = Release|iPhone
		{47F3FCE7-B383-443B-AD4C-BBABE009DB7F}.Release|iPhone.Build.0 = Release|iPhone
		{47F3FCE7-B383-443B-AD4C-BBABE009DB7F}.Release|iPhone.Deploy.0 = Release|iPhone
		{47F3FCE7-B383-443B-AD4C-BBABE009DB7F}.Release|iPhoneSimulator.ActiveCfg = Release|iPhoneSimulator
		{47F3FCE7-B383-443B-AD4C-BBABE009DB7F}.Release|iPhoneSimulator.Build.0 = Release|iPhoneSimulator
		{47F3FCE7-B383-443B-AD4C-BBABE009DB7F}.Release|iPhoneSimulator.Deploy.0 = Release|iPhoneSimulator
		{238E64A0-7305-413D-98C2-B9A15CCF157B}.Ad-Hoc|Any CPU.ActiveCfg = Debug|Any CPU
		{238E64A0-7305-413D-98C2-B9A15CCF157B}.Ad-Hoc|Any CPU.Build.0 = Debug|Any CPU
		{238E64A0-7305-413D-98C2-B9A15CCF157B}.Ad-Hoc|Any CPU.Deploy.0 = Debug|Any CPU
		{238E64A0-7305-413D-98C2-B9A15CCF157B}.Ad-Hoc|iPhone.ActiveCfg = Debug|Any CPU
		{238E64A0-7305-413D-98C2-B9A15CCF157B}.Ad-Hoc|iPhone.Build.0 = Debug|Any CPU
		{238E64A0-7305-413D-98C2-B9A15CCF157B}.Ad-Hoc|iPhone.Deploy.0 = Debug|Any CPU
		{238E64A0-7305-413D-98C2-B9A15CCF157B}.Ad-Hoc|iPhoneSimulator.ActiveCfg = Debug|Any CPU
		{238E64A0-7305-413D-98C2-B9A15CCF157B}.Ad-Hoc|iPhoneSimulator.Build.0 = Debug|Any CPU
		{238E64A0-7305-413D-98C2-B9A15CCF157B}.Ad-Hoc|iPhoneSimulator.Deploy.0 = Debug|Any CPU
		{238E64A0-7305-413D-98C2-B9A15CCF157B}.AppStore|Any CPU.ActiveCfg = Debug|Any CPU
		{238E64A0-7305-413D-98C2-B9A15CCF157B}.AppStore|Any CPU.Build.0 = Debug|Any CPU
		{238E64A0-7305-413D-98C2-B9A15CCF157B}.AppStore|Any CPU.Deploy.0 = Debug|Any CPU
		{238E64A0-7305-413D-98C2-B9A15CCF157B}.AppStore|iPhone.ActiveCfg = Debug|Any CPU
		{238E64A0-7305-413D-98C2-B9A15CCF157B}.AppStore|iPhone.Build.0 = Debug|Any CPU
		{238E64A0-7305-413D-98C2-B9A15CCF157B}.AppStore|iPhone.Deploy.0 = Debug|Any CPU
		{238E64A0-7305-413D-98C2-B9A15CCF157B}.AppStore|iPhoneSimulator.ActiveCfg = Debug|Any CPU
		{238E64A0-7305-413D-98C2-B9A15CCF157B}.AppStore|iPhoneSimulator.Build.0 = Debug|Any CPU
		{238E64A0-7305-413D-98C2-B9A15CCF157B}.AppStore|iPhoneSimulator.Deploy.0 = Debug|Any CPU
		{238E64A0-7305-413D-98C2-B9A15CCF157B}.Debug|Any CPU.ActiveCfg = Debug|Any CPU
		{238E64A0-7305-413D-98C2-B9A15CCF157B}.Debug|Any CPU.Build.0 = Debug|Any CPU
		{238E64A0-7305-413D-98C2-B9A15CCF157B}.Debug|Any CPU.Deploy.0 = Debug|Any CPU
		{238E64A0-7305-413D-98C2-B9A15CCF157B}.Debug|iPhone.ActiveCfg = Debug|Any CPU
		{238E64A0-7305-413D-98C2-B9A15CCF157B}.Debug|iPhone.Build.0 = Debug|Any CPU
		{238E64A0-7305-413D-98C2-B9A15CCF157B}.Debug|iPhone.Deploy.0 = Debug|Any CPU
		{238E64A0-7305-413D-98C2-B9A15CCF157B}.Debug|iPhoneSimulator.ActiveCfg = Debug|Any CPU
		{238E64A0-7305-413D-98C2-B9A15CCF157B}.Debug|iPhoneSimulator.Build.0 = Debug|Any CPU
		{238E64A0-7305-413D-98C2-B9A15CCF157B}.Debug|iPhoneSimulator.Deploy.0 = Debug|Any CPU
		{238E64A0-7305-413D-98C2-B9A15CCF157B}.Release|Any CPU.ActiveCfg = Release|Any CPU
		{238E64A0-7305-413D-98C2-B9A15CCF157B}.Release|Any CPU.Build.0 = Release|Any CPU
		{238E64A0-7305-413D-98C2-B9A15CCF157B}.Release|Any CPU.Deploy.0 = Release|Any CPU
		{238E64A0-7305-413D-98C2-B9A15CCF157B}.Release|iPhone.ActiveCfg = Release|Any CPU
		{238E64A0-7305-413D-98C2-B9A15CCF157B}.Release|iPhone.Build.0 = Release|Any CPU
		{238E64A0-7305-413D-98C2-B9A15CCF157B}.Release|iPhone.Deploy.0 = Release|Any CPU
		{238E64A0-7305-413D-98C2-B9A15CCF157B}.Release|iPhoneSimulator.ActiveCfg = Release|Any CPU
		{238E64A0-7305-413D-98C2-B9A15CCF157B}.Release|iPhoneSimulator.Build.0 = Release|Any CPU
		{238E64A0-7305-413D-98C2-B9A15CCF157B}.Release|iPhoneSimulator.Deploy.0 = Release|Any CPU
	EndGlobalSection
	GlobalSection(SolutionProperties) = preSolution
		HideSolutionNode = FALSE
	EndGlobalSection
	GlobalSection(ExtensibilityGlobals) = postSolution
		SolutionGuid = {CDC04607-EEB9-4DDD-81FE-7DF291A799D8}
	EndGlobalSection
EndGlobal
